# This file is automatically @generated by Cargo.
# It is not intended for manual editing.
version = 3

[[package]]
name = "sentinelwipe-carve"
version = "0.0.0"

[[package]]
name = "sentinelwipe-device"
version = "0.0.0"

[[package]]
name = "sentinelwipe-ledger"
version = "0.0.0"

[[package]]
name = "sentinelwipe-verify"
version = "0.0.0"

[[package]]
name = "sentinelwipe-wipe"
version = "0.0.0"
